
Microsoft Visual Studio Solution File, Format Version 12.00
# Visual Studio Version 16
VisualStudioVersion = 16.0.29418.71
MinimumVisualStudioVersion = 10.0.40219.1
Project("{8BC9CEB8-8B4A-11D0-8D11-00A0C91BC942}") = "MaxSubArrayRecursive", "MaxSubArrayRecursive\MaxSubArrayRecursive.vcxproj", "{206BAD1E-4D71-4CAE-AA9D-5A66CA7E6792}"
EndProject
Global
	GlobalSection(SolutionConfigurationPlatforms) = preSolution
		Debug|x64 = Debug|x64
		Debug|x86 = Debug|x86
		Release|x64 = Release|x64
		Release|x86 = Release|x86
	EndGlobalSection
	GlobalSection(ProjectConfigurationPlatforms) = postSolution
		{206BAD1E-4D71-4CAE-AA9D-5A66CA7E6792}.Debug|x64.ActiveCfg = Debug|x64
		{206BAD1E-4D71-4CAE-AA9D-5A66CA7E6792}.Debug|x64.Build.0 = Debug|x64
		{206BAD1E-4D71-4CAE-AA9D-5A66CA7E6792}.Debug|x86.ActiveCfg = Debug|Win32
		{206BAD1E-4D71-4CAE-AA9D-5A66CA7E6792}.Debug|x86.Build.0 = Debug|Win32
		{206BAD1E-4D71-4CAE-AA9D-5A66CA7E6792}.Release|x64.ActiveCfg = Release|x64
		{206BAD1E-4D71-4CAE-AA9D-5A66CA7E6792}.Release|x64.Build.0 = Release|x64
		{206BAD1E-4D71-4CAE-AA9D-5A66CA7E6792}.Release|x86.ActiveCfg = Release|Win32
		{206BAD1E-4D71-4CAE-AA9D-5A66CA7E6792}.Release|x86.Build.0 = Release|Win32
	EndGlobalSection
	GlobalSection(SolutionProperties) = preSolution
		HideSolutionNode = FALSE
	EndGlobalSection
	GlobalSection(ExtensibilityGlobals) = postSolution
		SolutionGuid = {1ACCD8E0-3759-48A6-A6A9-A6000E4713D0}
	EndGlobalSection
EndGlobal
